// !$*UTF8*$!
{
	archiveVersion = 1;
	classes = {
	};
	objectVersion = 52;
	objects = {

/* Begin PBXBuildFile section */
		3025BA07257007C300BC50A0 /* AppDelegate.swift in Sources */ = {isa = PBXBuildFile; fileRef = 3025BA06257007C300BC50A0 /* AppDelegate.swift */; };
		3025BA09257007C300BC50A0 /* ViewController.swift in Sources */ = {isa = PBXBuildFile; fileRef = 3025BA08257007C300BC50A0 /* ViewController.swift */; };
		3025BA0B257007C500BC50A0 /* Assets.xcassets in Resources */ = {isa = PBXBuildFile; fileRef = 3025BA0A257007C500BC50A0 /* Assets.xcassets */; };
		3025BA0E257007C500BC50A0 /* Main.storyboard in Resources */ = {isa = PBXBuildFile; fileRef = 3025BA0C257007C500BC50A0 /* Main.storyboard */; };
		305B149D2587D93E0031C9C8 /* EAPViewController.swift in Sources */ = {isa = PBXBuildFile; fileRef = 305B149C2587D93E0031C9C8 /* EAPViewController.swift */; };
		30869F392570EFCF00F33495 /* NetworkExtension.framework in Frameworks */ = {isa = PBXBuildFile; fileRef = 30869F382570EFCF00F33495 /* NetworkExtension.framework */; };
		30869F3C257129CA00F33495 /* Discovery.swift in Sources */ = {isa = PBXBuildFile; fileRef = 30869F3B257129CA00F33495 /* Discovery.swift */; };
		30ABA1FE25836B2400DC6247 /* XMLMapper in Frameworks */ = {isa = PBXBuildFile; productRef = 30ABA1FD25836B2400DC6247 /* XMLMapper */; };
		30ABA20125836B9B00DC6247 /* EAP.swift in Sources */ = {isa = PBXBuildFile; fileRef = 30ABA20025836B9B00DC6247 /* EAP.swift */; };
/* End PBXBuildFile section */

/* Begin PBXFileReference section */
		3025BA03257007C300BC50A0 /* geteduroam.app */ = {isa = PBXFileReference; explicitFileType = wrapper.application; includeInIndex = 0; path = geteduroam.app; sourceTree = BUILT_PRODUCTS_DIR; };
		3025BA06257007C300BC50A0 /* AppDelegate.swift */ = {isa = PBXFileReference; lastKnownFileType = sourcecode.swift; path = AppDelegate.swift; sourceTree = "<group>"; };
		3025BA08257007C300BC50A0 /* ViewController.swift */ = {isa = PBXFileReference; lastKnownFileType = sourcecode.swift; path = ViewController.swift; sourceTree = "<group>"; };
		3025BA0A257007C500BC50A0 /* Assets.xcassets */ = {isa = PBXFileReference; lastKnownFileType = folder.assetcatalog; path = Assets.xcassets; sourceTree = "<group>"; };
		3025BA0D257007C500BC50A0 /* Base */ = {isa = PBXFileReference; lastKnownFileType = file.storyboard; name = Base; path = Base.lproj/Main.storyboard; sourceTree = "<group>"; };
		3025BA0F257007C500BC50A0 /* Info.plist */ = {isa = PBXFileReference; lastKnownFileType = text.plist.xml; path = Info.plist; sourceTree = "<group>"; };
		3025BA10257007C500BC50A0 /* geteduroam.entitlements */ = {isa = PBXFileReference; lastKnownFileType = text.plist.entitlements; path = geteduroam.entitlements; sourceTree = "<group>"; };
		305B149C2587D93E0031C9C8 /* EAPViewController.swift */ = {isa = PBXFileReference; lastKnownFileType = sourcecode.swift; path = EAPViewController.swift; sourceTree = "<group>"; };
		30869F382570EFCF00F33495 /* NetworkExtension.framework */ = {isa = PBXFileReference; lastKnownFileType = wrapper.framework; name = NetworkExtension.framework; path = System/Library/Frameworks/NetworkExtension.framework; sourceTree = SDKROOT; };
		30869F3B257129CA00F33495 /* Discovery.swift */ = {isa = PBXFileReference; lastKnownFileType = sourcecode.swift; path = Discovery.swift; sourceTree = "<group>"; };
		30ABA20025836B9B00DC6247 /* EAP.swift */ = {isa = PBXFileReference; lastKnownFileType = sourcecode.swift; path = EAP.swift; sourceTree = "<group>"; };
/* End PBXFileReference section */

/* Begin PBXFrameworksBuildPhase section */
		3025BA00257007C300BC50A0 /* Frameworks */ = {
			isa = PBXFrameworksBuildPhase;
			buildActionMask = 2147483647;
			files = (
				30869F392570EFCF00F33495 /* NetworkExtension.framework in Frameworks */,
				30ABA1FE25836B2400DC6247 /* XMLMapper in Frameworks */,
			);
			runOnlyForDeploymentPostprocessing = 0;
		};
/* End PBXFrameworksBuildPhase section */

/* Begin PBXGroup section */
		3025B9FA257007C300BC50A0 = {
			isa = PBXGroup;
			children = (
				3025BA05257007C300BC50A0 /* geteduroam */,
				3025BA04257007C300BC50A0 /* Products */,
				30869F372570EFCF00F33495 /* Frameworks */,
			);
			sourceTree = "<group>";
		};
		3025BA04257007C300BC50A0 /* Products */ = {
			isa = PBXGroup;
			children = (
				3025BA03257007C300BC50A0 /* geteduroam.app */,
			);
			name = Products;
			sourceTree = "<group>";
		};
		3025BA05257007C300BC50A0 /* geteduroam */ = {
			isa = PBXGroup;
			children = (
				3025BA06257007C300BC50A0 /* AppDelegate.swift */,
				3025BA08257007C300BC50A0 /* ViewController.swift */,
				3025BA0A257007C500BC50A0 /* Assets.xcassets */,
				3025BA0C257007C500BC50A0 /* Main.storyboard */,
				3025BA0F257007C500BC50A0 /* Info.plist */,
				3025BA10257007C500BC50A0 /* geteduroam.entitlements */,
				30869F3B257129CA00F33495 /* Discovery.swift */,
				30ABA20025836B9B00DC6247 /* EAP.swift */,
				305B149C2587D93E0031C9C8 /* EAPViewController.swift */,
			);
			path = geteduroam;
			sourceTree = "<group>";
		};
		30869F372570EFCF00F33495 /* Frameworks */ = {
			isa = PBXGroup;
			children = (
				30869F382570EFCF00F33495 /* NetworkExtension.framework */,
			);
			name = Frameworks;
			sourceTree = "<group>";
		};
/* End PBXGroup section */

/* Begin PBXNativeTarget section */
		3025BA02257007C300BC50A0 /* geteduroam */ = {
			isa = PBXNativeTarget;
			buildConfigurationList = 3025BA13257007C500BC50A0 /* Build configuration list for PBXNativeTarget "geteduroam" */;
			buildPhases = (
				3025B9FF257007C300BC50A0 /* Sources */,
				3025BA00257007C300BC50A0 /* Frameworks */,
				3025BA01257007C300BC50A0 /* Resources */,
			);
			buildRules = (
			);
			dependencies = (
			);
			name = geteduroam;
			packageProductDependencies = (
				30ABA1FD25836B2400DC6247 /* XMLMapper */,
			);
			productName = geteduroam;
			productReference = 3025BA03257007C300BC50A0 /* geteduroam.app */;
			productType = "com.apple.product-type.application";
		};
/* End PBXNativeTarget section */

/* Begin PBXProject section */
		3025B9FB257007C300BC50A0 /* Project object */ = {
			isa = PBXProject;
			attributes = {
				LastSwiftUpdateCheck = 1210;
				LastUpgradeCheck = 1210;
				TargetAttributes = {
					3025BA02257007C300BC50A0 = {
						CreatedOnToolsVersion = 12.1;
					};
				};
			};
			buildConfigurationList = 3025B9FE257007C300BC50A0 /* Build configuration list for PBXProject "geteduroam" */;
			compatibilityVersion = "Xcode 9.3";
			developmentRegion = en;
			hasScannedForEncodings = 0;
			knownRegions = (
				en,
				Base,
			);
			mainGroup = 3025B9FA257007C300BC50A0;
			packageReferences = (
				30ABA1FC25836B2400DC6247 /* XCRemoteSwiftPackageReference "XMLMapper" */,
			);
			productRefGroup = 3025BA04257007C300BC50A0 /* Products */;
			projectDirPath = "";
			projectRoot = "";
			targets = (
				3025BA02257007C300BC50A0 /* geteduroam */,
			);
		};
/* End PBXProject section */

/* Begin PBXResourcesBuildPhase section */
		3025BA01257007C300BC50A0 /* Resources */ = {
			isa = PBXResourcesBuildPhase;
			buildActionMask = 2147483647;
			files = (
				3025BA0B257007C500BC50A0 /* Assets.xcassets in Resources */,
				3025BA0E257007C500BC50A0 /* Main.storyboard in Resources */,
			);
			runOnlyForDeploymentPostprocessing = 0;
		};
/* End PBXResourcesBuildPhase section */

/* Begin PBXSourcesBuildPhase section */
		3025B9FF257007C300BC50A0 /* Sources */ = {
			isa = PBXSourcesBuildPhase;
			buildActionMask = 2147483647;
			files = (
				305B149D2587D93E0031C9C8 /* EAPViewController.swift in Sources */,
				30869F3C257129CA00F33495 /* Discovery.swift in Sources */,
				3025BA09257007C300BC50A0 /* ViewController.swift in Sources */,
				30ABA20125836B9B00DC6247 /* EAP.swift in Sources */,
				3025BA07257007C300BC50A0 /* AppDelegate.swift in Sources */,
			);
			runOnlyForDeploymentPostprocessing = 0;
		};
/* End PBXSourcesBuildPhase section */

/* Begin PBXVariantGroup section */
		3025BA0C257007C500BC50A0 /* Main.storyboard */ = {
			isa = PBXVariantGroup;
			children = (
				3025BA0D257007C500BC50A0 /* Base */,
			);
			name = Main.storyboard;
			sourceTree = "<group>";
		};
/* End PBXVariantGroup section */

/* Begin XCBuildConfiguration section */
		3025BA11257007C500BC50A0 /* Debug */ = {
			isa = XCBuildConfiguration;
			buildSettings = {
				ALWAYS_SEARCH_USER_PATHS = NO;
				CLANG_ANALYZER_NONNULL = YES;
				CLANG_ANALYZER_NUMBER_OBJECT_CONVERSION = YES_AGGRESSIVE;
				CLANG_CXX_LANGUAGE_STANDARD = "gnu++14";
				CLANG_CXX_LIBRARY = "libc++";
				CLANG_ENABLE_MODULES = YES;
				CLANG_ENABLE_OBJC_ARC = YES;
				CLANG_ENABLE_OBJC_WEAK = YES;
				CLANG_WARN_BLOCK_CAPTURE_AUTORELEASING = YES;
				CLANG_WARN_BOOL_CONVERSION = YES;
				CLANG_WARN_COMMA = YES;
				CLANG_WARN_CONSTANT_CONVERSION = YES;
				CLANG_WARN_DEPRECATED_OBJC_IMPLEMENTATIONS = YES;
				CLANG_WARN_DIRECT_OBJC_ISA_USAGE = YES_ERROR;
				CLANG_WARN_DOCUMENTATION_COMMENTS = YES;
				CLANG_WARN_EMPTY_BODY = YES;
				CLANG_WARN_ENUM_CONVERSION = YES;
				CLANG_WARN_INFINITE_RECURSION = YES;
				CLANG_WARN_INT_CONVERSION = YES;
				CLANG_WARN_NON_LITERAL_NULL_CONVERSION = YES;
				CLANG_WARN_OBJC_IMPLICIT_RETAIN_SELF = YES;
				CLANG_WARN_OBJC_LITERAL_CONVERSION = YES;
				CLANG_WARN_OBJC_ROOT_CLASS = YES_ERROR;
				CLANG_WARN_QUOTED_INCLUDE_IN_FRAMEWORK_HEADER = YES;
				CLANG_WARN_RANGE_LOOP_ANALYSIS = YES;
				CLANG_WARN_STRICT_PROTOTYPES = YES;
				CLANG_WARN_SUSPICIOUS_MOVE = YES;
				CLANG_WARN_UNGUARDED_AVAILABILITY = YES_AGGRESSIVE;
				CLANG_WARN_UNREACHABLE_CODE = YES;
				CLANG_WARN__DUPLICATE_METHOD_MATCH = YES;
				COPY_PHASE_STRIP = NO;
				DEBUG_INFORMATION_FORMAT = dwarf;
				ENABLE_STRICT_OBJC_MSGSEND = YES;
				ENABLE_TESTABILITY = YES;
				GCC_C_LANGUAGE_STANDARD = gnu11;
				GCC_DYNAMIC_NO_PIC = NO;
				GCC_NO_COMMON_BLOCKS = YES;
				GCC_OPTIMIZATION_LEVEL = 0;
				GCC_PREPROCESSOR_DEFINITIONS = (
					"DEBUG=1",
					"$(inherited)",
				);
				GCC_WARN_64_TO_32_BIT_CONVERSION = YES;
				GCC_WARN_ABOUT_RETURN_TYPE = YES_ERROR;
				GCC_WARN_UNDECLARED_SELECTOR = YES;
				GCC_WARN_UNINITIALIZED_AUTOS = YES_AGGRESSIVE;
				GCC_WARN_UNUSED_FUNCTION = YES;
				GCC_WARN_UNUSED_VARIABLE = YES;
				MACOSX_DEPLOYMENT_TARGET = 10.15;
				MTL_ENABLE_DEBUG_INFO = INCLUDE_SOURCE;
				MTL_FAST_MATH = YES;
				ONLY_ACTIVE_ARCH = YES;
				SDKROOT = macosx;
				SWIFT_ACTIVE_COMPILATION_CONDITIONS = DEBUG;
				SWIFT_OPTIMIZATION_LEVEL = "-Onone";
			};
			name = Debug;
		};
		3025BA12257007C500BC50A0 /* Release */ = {
			isa = XCBuildConfiguration;
			buildSettings = {
				ALWAYS_SEARCH_USER_PATHS = NO;
				CLANG_ANALYZER_NONNULL = YES;
				CLANG_ANALYZER_NUMBER_OBJECT_CONVERSION = YES_AGGRESSIVE;
				CLANG_CXX_LANGUAGE_STANDARD = "gnu++14";
				CLANG_CXX_LIBRARY = "libc++";
				CLANG_ENABLE_MODULES = YES;
				CLANG_ENABLE_OBJC_ARC = YES;
				CLANG_ENABLE_OBJC_WEAK = YES;
				CLANG_WARN_BLOCK_CAPTURE_AUTORELEASING = YES;
				CLANG_WARN_BOOL_CONVERSION = YES;
				CLANG_WARN_COMMA = YES;
				CLANG_WARN_CONSTANT_CONVERSION = YES;
				CLANG_WARN_DEPRECATED_OBJC_IMPLEMENTATIONS = YES;
				CLANG_WARN_DIRECT_OBJC_ISA_USAGE = YES_ERROR;
				CLANG_WARN_DOCUMENTATION_COMMENTS = YES;
				CLANG_WARN_EMPTY_BODY = YES;
				CLANG_WARN_ENUM_CONVERSION = YES;
				CLANG_WARN_INFINITE_RECURSION = YES;
				CLANG_WARN_INT_CONVERSION = YES;
				CLANG_WARN_NON_LITERAL_NULL_CONVERSION = YES;
				CLANG_WARN_OBJC_IMPLICIT_RETAIN_SELF = YES;
				CLANG_WARN_OBJC_LITERAL_CONVERSION = YES;
				CLANG_WARN_OBJC_ROOT_CLASS = YES_ERROR;
				CLANG_WARN_QUOTED_INCLUDE_IN_FRAMEWORK_HEADER = YES;
				CLANG_WARN_RANGE_LOOP_ANALYSIS = YES;
				CLANG_WARN_STRICT_PROTOTYPES = YES;
				CLANG_WARN_SUSPICIOUS_MOVE = YES;
				CLANG_WARN_UNGUARDED_AVAILABILITY = YES_AGGRESSIVE;
				CLANG_WARN_UNREACHABLE_CODE = YES;
				CLANG_WARN__DUPLICATE_METHOD_MATCH = YES;
				COPY_PHASE_STRIP = NO;
				DEBUG_INFORMATION_FORMAT = "dwarf-with-dsym";
				ENABLE_NS_ASSERTIONS = NO;
				ENABLE_STRICT_OBJC_MSGSEND = YES;
				GCC_C_LANGUAGE_STANDARD = gnu11;
				GCC_NO_COMMON_BLOCKS = YES;
				GCC_WARN_64_TO_32_BIT_CONVERSION = YES;
				GCC_WARN_ABOUT_RETURN_TYPE = YES_ERROR;
				GCC_WARN_UNDECLARED_SELECTOR = YES;
				GCC_WARN_UNINITIALIZED_AUTOS = YES_AGGRESSIVE;
				GCC_WARN_UNUSED_FUNCTION = YES;
				GCC_WARN_UNUSED_VARIABLE = YES;
				MACOSX_DEPLOYMENT_TARGET = 10.15;
				MTL_ENABLE_DEBUG_INFO = NO;
				MTL_FAST_MATH = YES;
				SDKROOT = macosx;
				SWIFT_COMPILATION_MODE = wholemodule;
				SWIFT_OPTIMIZATION_LEVEL = "-O";
			};
			name = Release;
		};
		3025BA14257007C500BC50A0 /* Debug */ = {
			isa = XCBuildConfiguration;
			buildSettings = {
				ASSETCATALOG_COMPILER_APPICON_NAME = AppIcon;
				ASSETCATALOG_COMPILER_GLOBAL_ACCENT_COLOR_NAME = AccentColor;
				CODE_SIGN_ENTITLEMENTS = geteduroam/geteduroam.entitlements;
				CODE_SIGN_STYLE = Automatic;
				COMBINE_HIDPI_IMAGES = YES;
				DEVELOPMENT_TEAM = YAWVGJM7A6;
				ENABLE_HARDENED_RUNTIME = YES;
				INFOPLIST_FILE = geteduroam/Info.plist;
				LD_RUNPATH_SEARCH_PATHS = (
					"$(inherited)",
					"@executable_path/../Frameworks",
				);
				PRODUCT_BUNDLE_IDENTIFIER = com.emergya.eduroam;
				PRODUCT_NAME = "$(TARGET_NAME)";
				SWIFT_VERSION = 5.0;
			};
			name = Debug;
		};
		3025BA15257007C500BC50A0 /* Release */ = {
			isa = XCBuildConfiguration;
			buildSettings = {
				ASSETCATALOG_COMPILER_APPICON_NAME = AppIcon;
				ASSETCATALOG_COMPILER_GLOBAL_ACCENT_COLOR_NAME = AccentColor;
				CODE_SIGN_ENTITLEMENTS = geteduroam/geteduroam.entitlements;
				CODE_SIGN_STYLE = Automatic;
				COMBINE_HIDPI_IMAGES = YES;
				DEVELOPMENT_TEAM = YAWVGJM7A6;
				ENABLE_HARDENED_RUNTIME = YES;
				INFOPLIST_FILE = geteduroam/Info.plist;
				LD_RUNPATH_SEARCH_PATHS = (
					"$(inherited)",
					"@executable_path/../Frameworks",
				);
				PRODUCT_BUNDLE_IDENTIFIER = com.emergya.eduroam;
				PRODUCT_NAME = "$(TARGET_NAME)";
				SWIFT_VERSION = 5.0;
			};
			name = Release;
		};
/* End XCBuildConfiguration section */

/* Begin XCConfigurationList section */
		3025B9FE257007C300BC50A0 /* Build configuration list for PBXProject "geteduroam" */ = {
			isa = XCConfigurationList;
			buildConfigurations = (
				3025BA11257007C500BC50A0 /* Debug */,
				3025BA12257007C500BC50A0 /* Release */,
			);
			defaultConfigurationIsVisible = 0;
			defaultConfigurationName = Release;
		};
		3025BA13257007C500BC50A0 /* Build configuration list for PBXNativeTarget "geteduroam" */ = {
			isa = XCConfigurationList;
			buildConfigurations = (
				3025BA14257007C500BC50A0 /* Debug */,
				3025BA15257007C500BC50A0 /* Release */,
			);
			defaultConfigurationIsVisible = 0;
			defaultConfigurationName = Release;
		};
/* End XCConfigurationList section */

/* Begin XCRemoteSwiftPackageReference section */
		30ABA1FC25836B2400DC6247 /* XCRemoteSwiftPackageReference "XMLMapper" */ = {
			isa = XCRemoteSwiftPackageReference;
			repositoryURL = "https://github.com/gcharita/XMLMapper.git";
			requirement = {
				kind = upToNextMajorVersion;
				minimumVersion = 1.6.1;
			};
		};
/* End XCRemoteSwiftPackageReference section */

/* Begin XCSwiftPackageProductDependency section */
		30ABA1FD25836B2400DC6247 /* XMLMapper */ = {
			isa = XCSwiftPackageProductDependency;
			package = 30ABA1FC25836B2400DC6247 /* XCRemoteSwiftPackageReference "XMLMapper" */;
			productName = XMLMapper;
		};
/* End XCSwiftPackageProductDependency section */
	};
	rootObject = 3025B9FB257007C300BC50A0 /* Project object */;
}
