{
  "name": "wifi-eap-configurator",
  "version": "0.0.1",
  "lockfileVersion": 1,
  "requires": true,
  "dependencies": {
    "@capacitor/android": {
      "version": "2.3.0",
      "resolved": "https://registry.npmjs.org/@capacitor/android/-/android-2.3.0.tgz",
      "integrity": "sha512-5mxRW/3ZJPKZStXcqkuEJemsY1A9JrmhEz3lInRfCRvDZKTJWcR7NLrOawDHHFO3pjjej2jnSbmQHo6EjGuZ9w==",
      "dev": true
    },
    "@capacitor/core": {
      "version": "2.4.2",
      "resolved": "https://registry.npmjs.org/@capacitor/core/-/core-2.4.2.tgz",
      "integrity": "sha512-xQyJSZo50+aAvX3ZsX5h2xJDjz1LQxGT0A6/qD1pqJVEUeDhzdfYMbxCPWbmqSONZXddHtwrTiIsjq1Wd+ukuQ==",
      "requires": {
        "tslib": "^1.9.0"
      }
    },
    "@capacitor/ios": {
      "version": "2.3.0",
      "resolved": "https://registry.npmjs.org/@capacitor/ios/-/ios-2.3.0.tgz",
      "integrity": "sha512-RQYY8It3dPOhZs5kCymnt02NxSCNo90Etgc6bnUjzB7IqQRFNRJ/f56vWb9F61wKOVDrUPJkoeDpXt76Svd+Nw==",
      "dev": true
    },
    "tslib": {
      "version": "1.14.1",
      "resolved": "https://registry.npmjs.org/tslib/-/tslib-1.14.1.tgz",
      "integrity": "sha512-Xni35NKzjgMrwevysHTCArtLDpPvye8zV/0E4EyYn43P7/7qvQwPh9BGkHewbMulVntbigmcT7rdX3BNo9wRJg=="
    },
    "typescript": {
      "version": "3.7.2",
      "resolved": "https://registry.npmjs.org/typescript/-/typescript-3.7.2.tgz",
      "integrity": "sha512-ml7V7JfiN2Xwvcer+XAf2csGO1bPBdRbFCkYBczNZggrBZ9c7G3riSUeJmqEU5uOtXNPMhE3n+R4FA/3YOAWOQ==",
      "dev": true
    }
  }
}
