{
  "name": "wifi-eap-configurator",
  "version": "0.0.1",
  "lockfileVersion": 1,
  "requires": true,
  "dependencies": {
    "@capacitor/android": {
      "version": "2.3.0",
      "resolved": "https://registry.npmjs.org/@capacitor/android/-/android-2.3.0.tgz",
      "integrity": "sha512-5mxRW/3ZJPKZStXcqkuEJemsY1A9JrmhEz3lInRfCRvDZKTJWcR7NLrOawDHHFO3pjjej2jnSbmQHo6EjGuZ9w==",
      "dev": true
    },
    "@capacitor/core": {
      "version": "4.0.1",
      "resolved": "https://registry.npmjs.org/@capacitor/core/-/core-4.0.1.tgz",
      "integrity": "sha512-gita0j7UPoGyHejAUsrW1OrkyDSp7gfHn45fkeQclHRSz7UWLF4hqE1R/6INsVmIFu/amIApxfHed8h3m/Fm7g==",
      "requires": {
        "tslib": "^2.1.0"
      }
    },
    "@capacitor/ios": {
      "version": "2.3.0",
      "resolved": "https://registry.npmjs.org/@capacitor/ios/-/ios-2.3.0.tgz",
      "integrity": "sha512-RQYY8It3dPOhZs5kCymnt02NxSCNo90Etgc6bnUjzB7IqQRFNRJ/f56vWb9F61wKOVDrUPJkoeDpXt76Svd+Nw==",
      "dev": true
    },
    "tslib": {
      "version": "2.4.0",
      "resolved": "https://registry.npmjs.org/tslib/-/tslib-2.4.0.tgz",
      "integrity": "sha512-d6xOpEDfsi2CZVlPQzGeux8XMwLT9hssAsaPYExaQMuYskwb+x1x7J371tWlbBdWHroy99KnVB6qIkUbs5X3UQ=="
    },
    "typescript": {
      "version": "3.7.2",
      "resolved": "https://registry.npmjs.org/typescript/-/typescript-3.7.2.tgz",
      "integrity": "sha512-ml7V7JfiN2Xwvcer+XAf2csGO1bPBdRbFCkYBczNZggrBZ9c7G3riSUeJmqEU5uOtXNPMhE3n+R4FA/3YOAWOQ==",
      "dev": true
    }
  }
}
